
Microsoft Visual Studio Solution File, Format Version 12.00
# Visual Studio Version 17
VisualStudioVersion = 17.1.32414.318
MinimumVisualStudioVersion = 10.0.40219.1
Project("{FAE04EC0-301F-11D3-BF4B-00C04F79EFBC}") = "Selenium", "Selenium\Selenium.csproj", "{5EFB9055-5EA3-46F9-8E41-FD0F22CE8B81}"
EndProject
Global
	GlobalSection(SolutionConfigurationPlatforms) = preSolution
		Debug|Any CPU = Debug|Any CPU
		Release|Any CPU = Release|Any CPU
	EndGlobalSection
	GlobalSection(ProjectConfigurationPlatforms) = postSolution
		{5EFB9055-5EA3-46F9-8E41-FD0F22CE8B81}.Debug|Any CPU.ActiveCfg = Debug|Any CPU
		{5EFB9055-5EA3-46F9-8E41-FD0F22CE8B81}.Debug|Any CPU.Build.0 = Debug|Any CPU
		{5EFB9055-5EA3-46F9-8E41-FD0F22CE8B81}.Release|Any CPU.ActiveCfg = Release|Any CPU
		{5EFB9055-5EA3-46F9-8E41-FD0F22CE8B81}.Release|Any CPU.Build.0 = Release|Any CPU
	EndGlobalSection
	GlobalSection(SolutionProperties) = preSolution
		HideSolutionNode = FALSE
	EndGlobalSection
	GlobalSection(ExtensibilityGlobals) = postSolution
		SolutionGuid = {55E76BC9-7254-4A4F-B098-1B506BBCCD4B}
	EndGlobalSection
EndGlobal
